// !$*UTF8*$!
{
	archiveVersion = 1;
	classes = {
	};
	objectVersion = 56;
	objects = {

/* Begin PBXBuildFile section */
		0CC838942BD7B1FE00112453 /* HabitsApp.swift in Sources */ = {isa = PBXBuildFile; fileRef = 0CC838932BD7B1FE00112453 /* HabitsApp.swift */; };
		0CC838962BD7B1FE00112453 /* MyDayView.swift in Sources */ = {isa = PBXBuildFile; fileRef = 0CC838952BD7B1FE00112453 /* MyDayView.swift */; };
		0CC838982BD7B20100112453 /* Assets.xcassets in Resources */ = {isa = PBXBuildFile; fileRef = 0CC838972BD7B20100112453 /* Assets.xcassets */; };
		0CC8389B2BD7B20100112453 /* Preview Assets.xcassets in Resources */ = {isa = PBXBuildFile; fileRef = 0CC8389A2BD7B20100112453 /* Preview Assets.xcassets */; };
		0CC838A52BD7B20100112453 /* HabitsTests.swift in Sources */ = {isa = PBXBuildFile; fileRef = 0CC838A42BD7B20100112453 /* HabitsTests.swift */; };
		0CC838AF2BD7B20100112453 /* HabitsUITests.swift in Sources */ = {isa = PBXBuildFile; fileRef = 0CC838AE2BD7B20100112453 /* HabitsUITests.swift */; };
		0CC838B12BD7B20100112453 /* HabitsUITestsLaunchTests.swift in Sources */ = {isa = PBXBuildFile; fileRef = 0CC838B02BD7B20100112453 /* HabitsUITestsLaunchTests.swift */; };
		0CC838BF2BD7B28B00112453 /* Activity.swift in Sources */ = {isa = PBXBuildFile; fileRef = 0CC838BE2BD7B28B00112453 /* Activity.swift */; };
		0CC838C12BD7B29500112453 /* User.swift in Sources */ = {isa = PBXBuildFile; fileRef = 0CC838C02BD7B29500112453 /* User.swift */; };
		0CC838C52BD7B43400112453 /* UserViewModel.swift in Sources */ = {isa = PBXBuildFile; fileRef = 0CC838C42BD7B43400112453 /* UserViewModel.swift */; };
		0CC838C72BD7CAD400112453 /* Badge.swift in Sources */ = {isa = PBXBuildFile; fileRef = 0CC838C62BD7CAD400112453 /* Badge.swift */; };
		0CC838C92BD8E3EC00112453 /* Category.swift in Sources */ = {isa = PBXBuildFile; fileRef = 0CC838C82BD8E3EC00112453 /* Category.swift */; };
		0CC838CB2BD8EA3F00112453 /* OfficeWorkout.swift in Sources */ = {isa = PBXBuildFile; fileRef = 0CC838CA2BD8EA3F00112453 /* OfficeWorkout.swift */; };
		0CC838CF2BD8EF3100112453 /* MainView.swift in Sources */ = {isa = PBXBuildFile; fileRef = 0CC838CE2BD8EF3100112453 /* MainView.swift */; };
		0CC838D12BD8EFAA00112453 /* ActiviesView.swift in Sources */ = {isa = PBXBuildFile; fileRef = 0CC838D02BD8EFAA00112453 /* ActiviesView.swift */; };
		0CC838D72BD8F0E200112453 /* CalendarView.swift in Sources */ = {isa = PBXBuildFile; fileRef = 0CC838D62BD8F0E200112453 /* CalendarView.swift */; };
		0CC838D92BD8F0E800112453 /* AccountView.swift in Sources */ = {isa = PBXBuildFile; fileRef = 0CC838D82BD8F0E800112453 /* AccountView.swift */; };
		0CC838DB2BD9075E00112453 /* ActivitiesViewModel.swift in Sources */ = {isa = PBXBuildFile; fileRef = 0CC838DA2BD9075E00112453 /* ActivitiesViewModel.swift */; };
		0CC838DD2BD907E800112453 /* AppColors.swift in Sources */ = {isa = PBXBuildFile; fileRef = 0CC838DC2BD907E800112453 /* AppColors.swift */; };
		0CC838EC2BDA836300112453 /* GoogleService-Info.plist in Resources */ = {isa = PBXBuildFile; fileRef = 0CC838EB2BDA836300112453 /* GoogleService-Info.plist */; };
		0CC838ED2BDA836300112453 /* GoogleService-Info.plist in Resources */ = {isa = PBXBuildFile; fileRef = 0CC838EB2BDA836300112453 /* GoogleService-Info.plist */; };
		0CC838EE2BDA836300112453 /* GoogleService-Info.plist in Resources */ = {isa = PBXBuildFile; fileRef = 0CC838EB2BDA836300112453 /* GoogleService-Info.plist */; };
		0CC838F12BDA83CC00112453 /* FirebaseAnalytics in Frameworks */ = {isa = PBXBuildFile; productRef = 0CC838F02BDA83CC00112453 /* FirebaseAnalytics */; };
		0CC838F32BDA83CC00112453 /* FirebaseAnalyticsOnDeviceConversion in Frameworks */ = {isa = PBXBuildFile; productRef = 0CC838F22BDA83CC00112453 /* FirebaseAnalyticsOnDeviceConversion */; };
		0CC838F52BDA83CC00112453 /* FirebaseAnalyticsSwift in Frameworks */ = {isa = PBXBuildFile; productRef = 0CC838F42BDA83CC00112453 /* FirebaseAnalyticsSwift */; };
		0CC838F72BDA83CC00112453 /* FirebaseAnalyticsWithoutAdIdSupport in Frameworks */ = {isa = PBXBuildFile; productRef = 0CC838F62BDA83CC00112453 /* FirebaseAnalyticsWithoutAdIdSupport */; };
		0CC838F92BDA83CC00112453 /* FirebaseAppCheck in Frameworks */ = {isa = PBXBuildFile; productRef = 0CC838F82BDA83CC00112453 /* FirebaseAppCheck */; };
		0CC838FB2BDA85AD00112453 /* FirebaseAuth in Frameworks */ = {isa = PBXBuildFile; productRef = 0CC838FA2BDA85AD00112453 /* FirebaseAuth */; };
		0CC838FD2BDA85AD00112453 /* FirebaseFirestore in Frameworks */ = {isa = PBXBuildFile; productRef = 0CC838FC2BDA85AD00112453 /* FirebaseFirestore */; };
		0CC838FF2BDA85AD00112453 /* FirebaseFirestoreSwift in Frameworks */ = {isa = PBXBuildFile; productRef = 0CC838FE2BDA85AD00112453 /* FirebaseFirestoreSwift */; };
/* End PBXBuildFile section */

/* Begin PBXContainerItemProxy section */
		0CC838A12BD7B20100112453 /* PBXContainerItemProxy */ = {
			isa = PBXContainerItemProxy;
			containerPortal = 0CC838882BD7B1FE00112453 /* Project object */;
			proxyType = 1;
			remoteGlobalIDString = 0CC8388F2BD7B1FE00112453;
			remoteInfo = Habits;
		};
		0CC838AB2BD7B20100112453 /* PBXContainerItemProxy */ = {
			isa = PBXContainerItemProxy;
			containerPortal = 0CC838882BD7B1FE00112453 /* Project object */;
			proxyType = 1;
			remoteGlobalIDString = 0CC8388F2BD7B1FE00112453;
			remoteInfo = Habits;
		};
/* End PBXContainerItemProxy section */

/* Begin PBXFileReference section */
		0CC838902BD7B1FE00112453 /* Habits.app */ = {isa = PBXFileReference; explicitFileType = wrapper.application; includeInIndex = 0; path = Habits.app; sourceTree = BUILT_PRODUCTS_DIR; };
		0CC838932BD7B1FE00112453 /* HabitsApp.swift */ = {isa = PBXFileReference; lastKnownFileType = sourcecode.swift; path = HabitsApp.swift; sourceTree = "<group>"; };
		0CC838952BD7B1FE00112453 /* MyDayView.swift */ = {isa = PBXFileReference; lastKnownFileType = sourcecode.swift; path = MyDayView.swift; sourceTree = "<group>"; };
		0CC838972BD7B20100112453 /* Assets.xcassets */ = {isa = PBXFileReference; lastKnownFileType = folder.assetcatalog; path = Assets.xcassets; sourceTree = "<group>"; };
		0CC8389A2BD7B20100112453 /* Preview Assets.xcassets */ = {isa = PBXFileReference; lastKnownFileType = folder.assetcatalog; path = "Preview Assets.xcassets"; sourceTree = "<group>"; };
		0CC838A02BD7B20100112453 /* HabitsTests.xctest */ = {isa = PBXFileReference; explicitFileType = wrapper.cfbundle; includeInIndex = 0; path = HabitsTests.xctest; sourceTree = BUILT_PRODUCTS_DIR; };
		0CC838A42BD7B20100112453 /* HabitsTests.swift */ = {isa = PBXFileReference; lastKnownFileType = sourcecode.swift; path = HabitsTests.swift; sourceTree = "<group>"; };
		0CC838AA2BD7B20100112453 /* HabitsUITests.xctest */ = {isa = PBXFileReference; explicitFileType = wrapper.cfbundle; includeInIndex = 0; path = HabitsUITests.xctest; sourceTree = BUILT_PRODUCTS_DIR; };
		0CC838AE2BD7B20100112453 /* HabitsUITests.swift */ = {isa = PBXFileReference; lastKnownFileType = sourcecode.swift; path = HabitsUITests.swift; sourceTree = "<group>"; };
		0CC838B02BD7B20100112453 /* HabitsUITestsLaunchTests.swift */ = {isa = PBXFileReference; lastKnownFileType = sourcecode.swift; path = HabitsUITestsLaunchTests.swift; sourceTree = "<group>"; };
		0CC838BE2BD7B28B00112453 /* Activity.swift */ = {isa = PBXFileReference; lastKnownFileType = sourcecode.swift; path = Activity.swift; sourceTree = "<group>"; };
		0CC838C02BD7B29500112453 /* User.swift */ = {isa = PBXFileReference; lastKnownFileType = sourcecode.swift; path = User.swift; sourceTree = "<group>"; };
		0CC838C42BD7B43400112453 /* UserViewModel.swift */ = {isa = PBXFileReference; lastKnownFileType = sourcecode.swift; path = UserViewModel.swift; sourceTree = "<group>"; };
		0CC838C62BD7CAD400112453 /* Badge.swift */ = {isa = PBXFileReference; lastKnownFileType = sourcecode.swift; path = Badge.swift; sourceTree = "<group>"; };
		0CC838C82BD8E3EC00112453 /* Category.swift */ = {isa = PBXFileReference; lastKnownFileType = sourcecode.swift; path = Category.swift; sourceTree = "<group>"; };
		0CC838CA2BD8EA3F00112453 /* OfficeWorkout.swift */ = {isa = PBXFileReference; lastKnownFileType = sourcecode.swift; path = OfficeWorkout.swift; sourceTree = "<group>"; };
		0CC838CE2BD8EF3100112453 /* MainView.swift */ = {isa = PBXFileReference; lastKnownFileType = sourcecode.swift; path = MainView.swift; sourceTree = "<group>"; };
		0CC838D02BD8EFAA00112453 /* ActiviesView.swift */ = {isa = PBXFileReference; lastKnownFileType = sourcecode.swift; path = ActiviesView.swift; sourceTree = "<group>"; };
		0CC838D62BD8F0E200112453 /* CalendarView.swift */ = {isa = PBXFileReference; lastKnownFileType = sourcecode.swift; path = CalendarView.swift; sourceTree = "<group>"; };
		0CC838D82BD8F0E800112453 /* AccountView.swift */ = {isa = PBXFileReference; lastKnownFileType = sourcecode.swift; path = AccountView.swift; sourceTree = "<group>"; };
		0CC838DA2BD9075E00112453 /* ActivitiesViewModel.swift */ = {isa = PBXFileReference; lastKnownFileType = sourcecode.swift; path = ActivitiesViewModel.swift; sourceTree = "<group>"; };
		0CC838DC2BD907E800112453 /* AppColors.swift */ = {isa = PBXFileReference; lastKnownFileType = sourcecode.swift; path = AppColors.swift; sourceTree = "<group>"; };
		0CC838EB2BDA836300112453 /* GoogleService-Info.plist */ = {isa = PBXFileReference; fileEncoding = 4; lastKnownFileType = text.plist.xml; path = "GoogleService-Info.plist"; sourceTree = "<group>"; };
/* End PBXFileReference section */

/* Begin PBXFrameworksBuildPhase section */
		0CC8388D2BD7B1FE00112453 /* Frameworks */ = {
			isa = PBXFrameworksBuildPhase;
			buildActionMask = 2147483647;
			files = (
				0CC838F52BDA83CC00112453 /* FirebaseAnalyticsSwift in Frameworks */,
				0CC838FB2BDA85AD00112453 /* FirebaseAuth in Frameworks */,
				0CC838F12BDA83CC00112453 /* FirebaseAnalytics in Frameworks */,
				0CC838F32BDA83CC00112453 /* FirebaseAnalyticsOnDeviceConversion in Frameworks */,
				0CC838F92BDA83CC00112453 /* FirebaseAppCheck in Frameworks */,
				0CC838F72BDA83CC00112453 /* FirebaseAnalyticsWithoutAdIdSupport in Frameworks */,
				0CC838FD2BDA85AD00112453 /* FirebaseFirestore in Frameworks */,
				0CC838FF2BDA85AD00112453 /* FirebaseFirestoreSwift in Frameworks */,
			);
			runOnlyForDeploymentPostprocessing = 0;
		};
		0CC8389D2BD7B20100112453 /* Frameworks */ = {
			isa = PBXFrameworksBuildPhase;
			buildActionMask = 2147483647;
			files = (
			);
			runOnlyForDeploymentPostprocessing = 0;
		};
		0CC838A72BD7B20100112453 /* Frameworks */ = {
			isa = PBXFrameworksBuildPhase;
			buildActionMask = 2147483647;
			files = (
			);
			runOnlyForDeploymentPostprocessing = 0;
		};
/* End PBXFrameworksBuildPhase section */

/* Begin PBXGroup section */
		0CC838872BD7B1FE00112453 = {
			isa = PBXGroup;
			children = (
				0CC838922BD7B1FE00112453 /* Habits */,
				0CC838A32BD7B20100112453 /* HabitsTests */,
				0CC838AD2BD7B20100112453 /* HabitsUITests */,
				0CC838912BD7B1FE00112453 /* Products */,
			);
			sourceTree = "<group>";
		};
		0CC838912BD7B1FE00112453 /* Products */ = {
			isa = PBXGroup;
			children = (
				0CC838902BD7B1FE00112453 /* Habits.app */,
				0CC838A02BD7B20100112453 /* HabitsTests.xctest */,
				0CC838AA2BD7B20100112453 /* HabitsUITests.xctest */,
			);
			name = Products;
			sourceTree = "<group>";
		};
		0CC838922BD7B1FE00112453 /* Habits */ = {
			isa = PBXGroup;
			children = (
				0CC838EB2BDA836300112453 /* GoogleService-Info.plist */,
				0CC838932BD7B1FE00112453 /* HabitsApp.swift */,
				0CC838C32BD7B2B500112453 /* Views */,
				0CC838C22BD7B29B00112453 /* ViewModels */,
				0CC838BD2BD7B27500112453 /* Models */,
				0CC838972BD7B20100112453 /* Assets.xcassets */,
				0CC838992BD7B20100112453 /* Preview Content */,
				0CC838DC2BD907E800112453 /* AppColors.swift */,
			);
			path = Habits;
			sourceTree = "<group>";
		};
		0CC838992BD7B20100112453 /* Preview Content */ = {
			isa = PBXGroup;
			children = (
				0CC8389A2BD7B20100112453 /* Preview Assets.xcassets */,
			);
			path = "Preview Content";
			sourceTree = "<group>";
		};
		0CC838A32BD7B20100112453 /* HabitsTests */ = {
			isa = PBXGroup;
			children = (
				0CC838A42BD7B20100112453 /* HabitsTests.swift */,
			);
			path = HabitsTests;
			sourceTree = "<group>";
		};
		0CC838AD2BD7B20100112453 /* HabitsUITests */ = {
			isa = PBXGroup;
			children = (
				0CC838AE2BD7B20100112453 /* HabitsUITests.swift */,
				0CC838B02BD7B20100112453 /* HabitsUITestsLaunchTests.swift */,
			);
			path = HabitsUITests;
			sourceTree = "<group>";
		};
		0CC838BD2BD7B27500112453 /* Models */ = {
			isa = PBXGroup;
			children = (
				0CC838BE2BD7B28B00112453 /* Activity.swift */,
				0CC838C82BD8E3EC00112453 /* Category.swift */,
				0CC838C02BD7B29500112453 /* User.swift */,
				0CC838CA2BD8EA3F00112453 /* OfficeWorkout.swift */,
				0CC838C62BD7CAD400112453 /* Badge.swift */,
			);
			path = Models;
			sourceTree = "<group>";
		};
		0CC838C22BD7B29B00112453 /* ViewModels */ = {
			isa = PBXGroup;
			children = (
				0CC838C42BD7B43400112453 /* UserViewModel.swift */,
				0CC838DA2BD9075E00112453 /* ActivitiesViewModel.swift */,
			);
			path = ViewModels;
			sourceTree = "<group>";
		};
		0CC838C32BD7B2B500112453 /* Views */ = {
			isa = PBXGroup;
			children = (
				0CC838952BD7B1FE00112453 /* MyDayView.swift */,
				0CC838CE2BD8EF3100112453 /* MainView.swift */,
				0CC838D62BD8F0E200112453 /* CalendarView.swift */,
				0CC838D82BD8F0E800112453 /* AccountView.swift */,
				0CC838D02BD8EFAA00112453 /* ActiviesView.swift */,
			);
			path = Views;
			sourceTree = "<group>";
		};
/* End PBXGroup section */

/* Begin PBXNativeTarget section */
		0CC8388F2BD7B1FE00112453 /* Habits */ = {
			isa = PBXNativeTarget;
			buildConfigurationList = 0CC838B42BD7B20100112453 /* Build configuration list for PBXNativeTarget "Habits" */;
			buildPhases = (
				0CC8388C2BD7B1FE00112453 /* Sources */,
				0CC8388D2BD7B1FE00112453 /* Frameworks */,
				0CC8388E2BD7B1FE00112453 /* Resources */,
			);
			buildRules = (
			);
			dependencies = (
			);
			name = Habits;
			packageProductDependencies = (
				0CC838F02BDA83CC00112453 /* FirebaseAnalytics */,
				0CC838F22BDA83CC00112453 /* FirebaseAnalyticsOnDeviceConversion */,
				0CC838F42BDA83CC00112453 /* FirebaseAnalyticsSwift */,
				0CC838F62BDA83CC00112453 /* FirebaseAnalyticsWithoutAdIdSupport */,
				0CC838F82BDA83CC00112453 /* FirebaseAppCheck */,
				0CC838FA2BDA85AD00112453 /* FirebaseAuth */,
				0CC838FC2BDA85AD00112453 /* FirebaseFirestore */,
				0CC838FE2BDA85AD00112453 /* FirebaseFirestoreSwift */,
			);
			productName = Habits;
			productReference = 0CC838902BD7B1FE00112453 /* Habits.app */;
			productType = "com.apple.product-type.application";
		};
		0CC8389F2BD7B20100112453 /* HabitsTests */ = {
			isa = PBXNativeTarget;
			buildConfigurationList = 0CC838B72BD7B20100112453 /* Build configuration list for PBXNativeTarget "HabitsTests" */;
			buildPhases = (
				0CC8389C2BD7B20100112453 /* Sources */,
				0CC8389D2BD7B20100112453 /* Frameworks */,
				0CC8389E2BD7B20100112453 /* Resources */,
			);
			buildRules = (
			);
			dependencies = (
				0CC838A22BD7B20100112453 /* PBXTargetDependency */,
			);
			name = HabitsTests;
			productName = HabitsTests;
			productReference = 0CC838A02BD7B20100112453 /* HabitsTests.xctest */;
			productType = "com.apple.product-type.bundle.unit-test";
		};
		0CC838A92BD7B20100112453 /* HabitsUITests */ = {
			isa = PBXNativeTarget;
			buildConfigurationList = 0CC838BA2BD7B20100112453 /* Build configuration list for PBXNativeTarget "HabitsUITests" */;
			buildPhases = (
				0CC838A62BD7B20100112453 /* Sources */,
				0CC838A72BD7B20100112453 /* Frameworks */,
				0CC838A82BD7B20100112453 /* Resources */,
			);
			buildRules = (
			);
			dependencies = (
				0CC838AC2BD7B20100112453 /* PBXTargetDependency */,
			);
			name = HabitsUITests;
			productName = HabitsUITests;
			productReference = 0CC838AA2BD7B20100112453 /* HabitsUITests.xctest */;
			productType = "com.apple.product-type.bundle.ui-testing";
		};
/* End PBXNativeTarget section */

/* Begin PBXProject section */
		0CC838882BD7B1FE00112453 /* Project object */ = {
			isa = PBXProject;
			attributes = {
				BuildIndependentTargetsInParallel = 1;
				LastSwiftUpdateCheck = 1530;
				LastUpgradeCheck = 1530;
				TargetAttributes = {
					0CC8388F2BD7B1FE00112453 = {
						CreatedOnToolsVersion = 15.3;
					};
					0CC8389F2BD7B20100112453 = {
						CreatedOnToolsVersion = 15.3;
						TestTargetID = 0CC8388F2BD7B1FE00112453;
					};
					0CC838A92BD7B20100112453 = {
						CreatedOnToolsVersion = 15.3;
						TestTargetID = 0CC8388F2BD7B1FE00112453;
					};
				};
			};
			buildConfigurationList = 0CC8388B2BD7B1FE00112453 /* Build configuration list for PBXProject "Habits" */;
			compatibilityVersion = "Xcode 14.0";
			developmentRegion = en;
			hasScannedForEncodings = 0;
			knownRegions = (
				en,
				Base,
			);
			mainGroup = 0CC838872BD7B1FE00112453;
			packageReferences = (
				0CC838EF2BDA83CC00112453 /* XCRemoteSwiftPackageReference "firebase-ios-sdk" */,
			);
			productRefGroup = 0CC838912BD7B1FE00112453 /* Products */;
			projectDirPath = "";
			projectRoot = "";
			targets = (
				0CC8388F2BD7B1FE00112453 /* Habits */,
				0CC8389F2BD7B20100112453 /* HabitsTests */,
				0CC838A92BD7B20100112453 /* HabitsUITests */,
			);
		};
/* End PBXProject section */

/* Begin PBXResourcesBuildPhase section */
		0CC8388E2BD7B1FE00112453 /* Resources */ = {
			isa = PBXResourcesBuildPhase;
			buildActionMask = 2147483647;
			files = (
				0CC8389B2BD7B20100112453 /* Preview Assets.xcassets in Resources */,
				0CC838982BD7B20100112453 /* Assets.xcassets in Resources */,
				0CC838EC2BDA836300112453 /* GoogleService-Info.plist in Resources */,
			);
			runOnlyForDeploymentPostprocessing = 0;
		};
		0CC8389E2BD7B20100112453 /* Resources */ = {
			isa = PBXResourcesBuildPhase;
			buildActionMask = 2147483647;
			files = (
				0CC838ED2BDA836300112453 /* GoogleService-Info.plist in Resources */,
			);
			runOnlyForDeploymentPostprocessing = 0;
		};
		0CC838A82BD7B20100112453 /* Resources */ = {
			isa = PBXResourcesBuildPhase;
			buildActionMask = 2147483647;
			files = (
				0CC838EE2BDA836300112453 /* GoogleService-Info.plist in Resources */,
			);
			runOnlyForDeploymentPostprocessing = 0;
		};
/* End PBXResourcesBuildPhase section */

/* Begin PBXSourcesBuildPhase section */
		0CC8388C2BD7B1FE00112453 /* Sources */ = {
			isa = PBXSourcesBuildPhase;
			buildActionMask = 2147483647;
			files = (
				0CC838D92BD8F0E800112453 /* AccountView.swift in Sources */,
				0CC838C12BD7B29500112453 /* User.swift in Sources */,
				0CC838CF2BD8EF3100112453 /* MainView.swift in Sources */,
				0CC838C72BD7CAD400112453 /* Badge.swift in Sources */,
				0CC838BF2BD7B28B00112453 /* Activity.swift in Sources */,
				0CC838DB2BD9075E00112453 /* ActivitiesViewModel.swift in Sources */,
				0CC838962BD7B1FE00112453 /* MyDayView.swift in Sources */,
				0CC838C52BD7B43400112453 /* UserViewModel.swift in Sources */,
				0CC838D72BD8F0E200112453 /* CalendarView.swift in Sources */,
				0CC838CB2BD8EA3F00112453 /* OfficeWorkout.swift in Sources */,
				0CC838942BD7B1FE00112453 /* HabitsApp.swift in Sources */,
				0CC838DD2BD907E800112453 /* AppColors.swift in Sources */,
				0CC838D12BD8EFAA00112453 /* ActiviesView.swift in Sources */,
				0CC838C92BD8E3EC00112453 /* Category.swift in Sources */,
			);
			runOnlyForDeploymentPostprocessing = 0;
		};
		0CC8389C2BD7B20100112453 /* Sources */ = {
			isa = PBXSourcesBuildPhase;
			buildActionMask = 2147483647;
			files = (
				0CC838A52BD7B20100112453 /* HabitsTests.swift in Sources */,
			);
			runOnlyForDeploymentPostprocessing = 0;
		};
		0CC838A62BD7B20100112453 /* Sources */ = {
			isa = PBXSourcesBuildPhase;
			buildActionMask = 2147483647;
			files = (
				0CC838AF2BD7B20100112453 /* HabitsUITests.swift in Sources */,
				0CC838B12BD7B20100112453 /* HabitsUITestsLaunchTests.swift in Sources */,
			);
			runOnlyForDeploymentPostprocessing = 0;
		};
/* End PBXSourcesBuildPhase section */

/* Begin PBXTargetDependency section */
		0CC838A22BD7B20100112453 /* PBXTargetDependency */ = {
			isa = PBXTargetDependency;
			target = 0CC8388F2BD7B1FE00112453 /* Habits */;
			targetProxy = 0CC838A12BD7B20100112453 /* PBXContainerItemProxy */;
		};
		0CC838AC2BD7B20100112453 /* PBXTargetDependency */ = {
			isa = PBXTargetDependency;
			target = 0CC8388F2BD7B1FE00112453 /* Habits */;
			targetProxy = 0CC838AB2BD7B20100112453 /* PBXContainerItemProxy */;
		};
/* End PBXTargetDependency section */

/* Begin XCBuildConfiguration section */
		0CC838B22BD7B20100112453 /* Debug */ = {
			isa = XCBuildConfiguration;
			buildSettings = {
				ALWAYS_SEARCH_USER_PATHS = NO;
				ASSETCATALOG_COMPILER_GENERATE_SWIFT_ASSET_SYMBOL_EXTENSIONS = YES;
				CLANG_ANALYZER_NONNULL = YES;
				CLANG_ANALYZER_NUMBER_OBJECT_CONVERSION = YES_AGGRESSIVE;
				CLANG_CXX_LANGUAGE_STANDARD = "gnu++20";
				CLANG_ENABLE_MODULES = YES;
				CLANG_ENABLE_OBJC_ARC = YES;
				CLANG_ENABLE_OBJC_WEAK = YES;
				CLANG_WARN_BLOCK_CAPTURE_AUTORELEASING = YES;
				CLANG_WARN_BOOL_CONVERSION = YES;
				CLANG_WARN_COMMA = YES;
				CLANG_WARN_CONSTANT_CONVERSION = YES;
				CLANG_WARN_DEPRECATED_OBJC_IMPLEMENTATIONS = YES;
				CLANG_WARN_DIRECT_OBJC_ISA_USAGE = YES_ERROR;
				CLANG_WARN_DOCUMENTATION_COMMENTS = YES;
				CLANG_WARN_EMPTY_BODY = YES;
				CLANG_WARN_ENUM_CONVERSION = YES;
				CLANG_WARN_INFINITE_RECURSION = YES;
				CLANG_WARN_INT_CONVERSION = YES;
				CLANG_WARN_NON_LITERAL_NULL_CONVERSION = YES;
				CLANG_WARN_OBJC_IMPLICIT_RETAIN_SELF = YES;
				CLANG_WARN_OBJC_LITERAL_CONVERSION = YES;
				CLANG_WARN_OBJC_ROOT_CLASS = YES_ERROR;
				CLANG_WARN_QUOTED_INCLUDE_IN_FRAMEWORK_HEADER = YES;
				CLANG_WARN_RANGE_LOOP_ANALYSIS = YES;
				CLANG_WARN_STRICT_PROTOTYPES = YES;
				CLANG_WARN_SUSPICIOUS_MOVE = YES;
				CLANG_WARN_UNGUARDED_AVAILABILITY = YES_AGGRESSIVE;
				CLANG_WARN_UNREACHABLE_CODE = YES;
				CLANG_WARN__DUPLICATE_METHOD_MATCH = YES;
				COPY_PHASE_STRIP = NO;
				DEBUG_INFORMATION_FORMAT = dwarf;
				ENABLE_STRICT_OBJC_MSGSEND = YES;
				ENABLE_TESTABILITY = YES;
				ENABLE_USER_SCRIPT_SANDBOXING = YES;
				GCC_C_LANGUAGE_STANDARD = gnu17;
				GCC_DYNAMIC_NO_PIC = NO;
				GCC_NO_COMMON_BLOCKS = YES;
				GCC_OPTIMIZATION_LEVEL = 0;
				GCC_PREPROCESSOR_DEFINITIONS = (
					"DEBUG=1",
					"$(inherited)",
				);
				GCC_WARN_64_TO_32_BIT_CONVERSION = YES;
				GCC_WARN_ABOUT_RETURN_TYPE = YES_ERROR;
				GCC_WARN_UNDECLARED_SELECTOR = YES;
				GCC_WARN_UNINITIALIZED_AUTOS = YES_AGGRESSIVE;
				GCC_WARN_UNUSED_FUNCTION = YES;
				GCC_WARN_UNUSED_VARIABLE = YES;
				IPHONEOS_DEPLOYMENT_TARGET = 17.4;
				LOCALIZATION_PREFERS_STRING_CATALOGS = YES;
				MTL_ENABLE_DEBUG_INFO = INCLUDE_SOURCE;
				MTL_FAST_MATH = YES;
				ONLY_ACTIVE_ARCH = YES;
				SDKROOT = iphoneos;
				SWIFT_ACTIVE_COMPILATION_CONDITIONS = "DEBUG $(inherited)";
				SWIFT_OPTIMIZATION_LEVEL = "-Onone";
			};
			name = Debug;
		};
		0CC838B32BD7B20100112453 /* Release */ = {
			isa = XCBuildConfiguration;
			buildSettings = {
				ALWAYS_SEARCH_USER_PATHS = NO;
				ASSETCATALOG_COMPILER_GENERATE_SWIFT_ASSET_SYMBOL_EXTENSIONS = YES;
				CLANG_ANALYZER_NONNULL = YES;
				CLANG_ANALYZER_NUMBER_OBJECT_CONVERSION = YES_AGGRESSIVE;
				CLANG_CXX_LANGUAGE_STANDARD = "gnu++20";
				CLANG_ENABLE_MODULES = YES;
				CLANG_ENABLE_OBJC_ARC = YES;
				CLANG_ENABLE_OBJC_WEAK = YES;
				CLANG_WARN_BLOCK_CAPTURE_AUTORELEASING = YES;
				CLANG_WARN_BOOL_CONVERSION = YES;
				CLANG_WARN_COMMA = YES;
				CLANG_WARN_CONSTANT_CONVERSION = YES;
				CLANG_WARN_DEPRECATED_OBJC_IMPLEMENTATIONS = YES;
				CLANG_WARN_DIRECT_OBJC_ISA_USAGE = YES_ERROR;
				CLANG_WARN_DOCUMENTATION_COMMENTS = YES;
				CLANG_WARN_EMPTY_BODY = YES;
				CLANG_WARN_ENUM_CONVERSION = YES;
				CLANG_WARN_INFINITE_RECURSION = YES;
				CLANG_WARN_INT_CONVERSION = YES;
				CLANG_WARN_NON_LITERAL_NULL_CONVERSION = YES;
				CLANG_WARN_OBJC_IMPLICIT_RETAIN_SELF = YES;
				CLANG_WARN_OBJC_LITERAL_CONVERSION = YES;
				CLANG_WARN_OBJC_ROOT_CLASS = YES_ERROR;
				CLANG_WARN_QUOTED_INCLUDE_IN_FRAMEWORK_HEADER = YES;
				CLANG_WARN_RANGE_LOOP_ANALYSIS = YES;
				CLANG_WARN_STRICT_PROTOTYPES = YES;
				CLANG_WARN_SUSPICIOUS_MOVE = YES;
				CLANG_WARN_UNGUARDED_AVAILABILITY = YES_AGGRESSIVE;
				CLANG_WARN_UNREACHABLE_CODE = YES;
				CLANG_WARN__DUPLICATE_METHOD_MATCH = YES;
				COPY_PHASE_STRIP = NO;
				DEBUG_INFORMATION_FORMAT = "dwarf-with-dsym";
				ENABLE_NS_ASSERTIONS = NO;
				ENABLE_STRICT_OBJC_MSGSEND = YES;
				ENABLE_USER_SCRIPT_SANDBOXING = YES;
				GCC_C_LANGUAGE_STANDARD = gnu17;
				GCC_NO_COMMON_BLOCKS = YES;
				GCC_WARN_64_TO_32_BIT_CONVERSION = YES;
				GCC_WARN_ABOUT_RETURN_TYPE = YES_ERROR;
				GCC_WARN_UNDECLARED_SELECTOR = YES;
				GCC_WARN_UNINITIALIZED_AUTOS = YES_AGGRESSIVE;
				GCC_WARN_UNUSED_FUNCTION = YES;
				GCC_WARN_UNUSED_VARIABLE = YES;
				IPHONEOS_DEPLOYMENT_TARGET = 17.4;
				LOCALIZATION_PREFERS_STRING_CATALOGS = YES;
				MTL_ENABLE_DEBUG_INFO = NO;
				MTL_FAST_MATH = YES;
				SDKROOT = iphoneos;
				SWIFT_COMPILATION_MODE = wholemodule;
				VALIDATE_PRODUCT = YES;
			};
			name = Release;
		};
		0CC838B52BD7B20100112453 /* Debug */ = {
			isa = XCBuildConfiguration;
			buildSettings = {
				ASSETCATALOG_COMPILER_APPICON_NAME = AppIcon;
				ASSETCATALOG_COMPILER_GLOBAL_ACCENT_COLOR_NAME = AccentColor;
				CODE_SIGN_STYLE = Automatic;
				CURRENT_PROJECT_VERSION = 1;
				DEVELOPMENT_ASSET_PATHS = "\"Habits/Preview Content\"";
				ENABLE_PREVIEWS = YES;
				GENERATE_INFOPLIST_FILE = YES;
				INFOPLIST_KEY_UIApplicationSceneManifest_Generation = YES;
				INFOPLIST_KEY_UIApplicationSupportsIndirectInputEvents = YES;
				INFOPLIST_KEY_UILaunchScreen_Generation = YES;
				INFOPLIST_KEY_UISupportedInterfaceOrientations_iPad = "UIInterfaceOrientationPortrait UIInterfaceOrientationPortraitUpsideDown UIInterfaceOrientationLandscapeLeft UIInterfaceOrientationLandscapeRight";
				INFOPLIST_KEY_UISupportedInterfaceOrientations_iPhone = "UIInterfaceOrientationPortrait UIInterfaceOrientationLandscapeLeft UIInterfaceOrientationLandscapeRight";
				LD_RUNPATH_SEARCH_PATHS = (
					"$(inherited)",
					"@executable_path/Frameworks",
				);
				MARKETING_VERSION = 1.0;
				PRODUCT_BUNDLE_IDENTIFIER = Jonas.Habits;
				PRODUCT_NAME = "$(TARGET_NAME)";
				SWIFT_EMIT_LOC_STRINGS = YES;
				SWIFT_VERSION = 5.0;
				TARGETED_DEVICE_FAMILY = "1,2";
			};
			name = Debug;
		};
		0CC838B62BD7B20100112453 /* Release */ = {
			isa = XCBuildConfiguration;
			buildSettings = {
				ASSETCATALOG_COMPILER_APPICON_NAME = AppIcon;
				ASSETCATALOG_COMPILER_GLOBAL_ACCENT_COLOR_NAME = AccentColor;
				CODE_SIGN_STYLE = Automatic;
				CURRENT_PROJECT_VERSION = 1;
				DEVELOPMENT_ASSET_PATHS = "\"Habits/Preview Content\"";
				ENABLE_PREVIEWS = YES;
				GENERATE_INFOPLIST_FILE = YES;
				INFOPLIST_KEY_UIApplicationSceneManifest_Generation = YES;
				INFOPLIST_KEY_UIApplicationSupportsIndirectInputEvents = YES;
				INFOPLIST_KEY_UILaunchScreen_Generation = YES;
				INFOPLIST_KEY_UISupportedInterfaceOrientations_iPad = "UIInterfaceOrientationPortrait UIInterfaceOrientationPortraitUpsideDown UIInterfaceOrientationLandscapeLeft UIInterfaceOrientationLandscapeRight";
				INFOPLIST_KEY_UISupportedInterfaceOrientations_iPhone = "UIInterfaceOrientationPortrait UIInterfaceOrientationLandscapeLeft UIInterfaceOrientationLandscapeRight";
				LD_RUNPATH_SEARCH_PATHS = (
					"$(inherited)",
					"@executable_path/Frameworks",
				);
				MARKETING_VERSION = 1.0;
				PRODUCT_BUNDLE_IDENTIFIER = Jonas.Habits;
				PRODUCT_NAME = "$(TARGET_NAME)";
				SWIFT_EMIT_LOC_STRINGS = YES;
				SWIFT_VERSION = 5.0;
				TARGETED_DEVICE_FAMILY = "1,2";
			};
			name = Release;
		};
		0CC838B82BD7B20100112453 /* Debug */ = {
			isa = XCBuildConfiguration;
			buildSettings = {
				ALWAYS_EMBED_SWIFT_STANDARD_LIBRARIES = YES;
				BUNDLE_LOADER = "$(TEST_HOST)";
				CODE_SIGN_STYLE = Automatic;
				CURRENT_PROJECT_VERSION = 1;
				GENERATE_INFOPLIST_FILE = YES;
				IPHONEOS_DEPLOYMENT_TARGET = 17.4;
				MARKETING_VERSION = 1.0;
				PRODUCT_BUNDLE_IDENTIFIER = Jonas.HabitsTests;
				PRODUCT_NAME = "$(TARGET_NAME)";
				SWIFT_EMIT_LOC_STRINGS = NO;
				SWIFT_VERSION = 5.0;
				TARGETED_DEVICE_FAMILY = "1,2";
				TEST_HOST = "$(BUILT_PRODUCTS_DIR)/Habits.app/$(BUNDLE_EXECUTABLE_FOLDER_PATH)/Habits";
			};
			name = Debug;
		};
		0CC838B92BD7B20100112453 /* Release */ = {
			isa = XCBuildConfiguration;
			buildSettings = {
				ALWAYS_EMBED_SWIFT_STANDARD_LIBRARIES = YES;
				BUNDLE_LOADER = "$(TEST_HOST)";
				CODE_SIGN_STYLE = Automatic;
				CURRENT_PROJECT_VERSION = 1;
				GENERATE_INFOPLIST_FILE = YES;
				IPHONEOS_DEPLOYMENT_TARGET = 17.4;
				MARKETING_VERSION = 1.0;
				PRODUCT_BUNDLE_IDENTIFIER = Jonas.HabitsTests;
				PRODUCT_NAME = "$(TARGET_NAME)";
				SWIFT_EMIT_LOC_STRINGS = NO;
				SWIFT_VERSION = 5.0;
				TARGETED_DEVICE_FAMILY = "1,2";
				TEST_HOST = "$(BUILT_PRODUCTS_DIR)/Habits.app/$(BUNDLE_EXECUTABLE_FOLDER_PATH)/Habits";
			};
			name = Release;
		};
		0CC838BB2BD7B20100112453 /* Debug */ = {
			isa = XCBuildConfiguration;
			buildSettings = {
				ALWAYS_EMBED_SWIFT_STANDARD_LIBRARIES = YES;
				CODE_SIGN_STYLE = Automatic;
				CURRENT_PROJECT_VERSION = 1;
				GENERATE_INFOPLIST_FILE = YES;
				MARKETING_VERSION = 1.0;
				PRODUCT_BUNDLE_IDENTIFIER = Jonas.HabitsUITests;
				PRODUCT_NAME = "$(TARGET_NAME)";
				SWIFT_EMIT_LOC_STRINGS = NO;
				SWIFT_VERSION = 5.0;
				TARGETED_DEVICE_FAMILY = "1,2";
				TEST_TARGET_NAME = Habits;
			};
			name = Debug;
		};
		0CC838BC2BD7B20100112453 /* Release */ = {
			isa = XCBuildConfiguration;
			buildSettings = {
				ALWAYS_EMBED_SWIFT_STANDARD_LIBRARIES = YES;
				CODE_SIGN_STYLE = Automatic;
				CURRENT_PROJECT_VERSION = 1;
				GENERATE_INFOPLIST_FILE = YES;
				MARKETING_VERSION = 1.0;
				PRODUCT_BUNDLE_IDENTIFIER = Jonas.HabitsUITests;
				PRODUCT_NAME = "$(TARGET_NAME)";
				SWIFT_EMIT_LOC_STRINGS = NO;
				SWIFT_VERSION = 5.0;
				TARGETED_DEVICE_FAMILY = "1,2";
				TEST_TARGET_NAME = Habits;
			};
			name = Release;
		};
/* End XCBuildConfiguration section */

/* Begin XCConfigurationList section */
		0CC8388B2BD7B1FE00112453 /* Build configuration list for PBXProject "Habits" */ = {
			isa = XCConfigurationList;
			buildConfigurations = (
				0CC838B22BD7B20100112453 /* Debug */,
				0CC838B32BD7B20100112453 /* Release */,
			);
			defaultConfigurationIsVisible = 0;
			defaultConfigurationName = Release;
		};
		0CC838B42BD7B20100112453 /* Build configuration list for PBXNativeTarget "Habits" */ = {
			isa = XCConfigurationList;
			buildConfigurations = (
				0CC838B52BD7B20100112453 /* Debug */,
				0CC838B62BD7B20100112453 /* Release */,
			);
			defaultConfigurationIsVisible = 0;
			defaultConfigurationName = Release;
		};
		0CC838B72BD7B20100112453 /* Build configuration list for PBXNativeTarget "HabitsTests" */ = {
			isa = XCConfigurationList;
			buildConfigurations = (
				0CC838B82BD7B20100112453 /* Debug */,
				0CC838B92BD7B20100112453 /* Release */,
			);
			defaultConfigurationIsVisible = 0;
			defaultConfigurationName = Release;
		};
		0CC838BA2BD7B20100112453 /* Build configuration list for PBXNativeTarget "HabitsUITests" */ = {
			isa = XCConfigurationList;
			buildConfigurations = (
				0CC838BB2BD7B20100112453 /* Debug */,
				0CC838BC2BD7B20100112453 /* Release */,
			);
			defaultConfigurationIsVisible = 0;
			defaultConfigurationName = Release;
		};
/* End XCConfigurationList section */

/* Begin XCRemoteSwiftPackageReference section */
		0CC838EF2BDA83CC00112453 /* XCRemoteSwiftPackageReference "firebase-ios-sdk" */ = {
			isa = XCRemoteSwiftPackageReference;
			repositoryURL = "https://github.com/firebase/firebase-ios-sdk";
			requirement = {
				kind = upToNextMajorVersion;
				minimumVersion = 10.24.0;
			};
		};
/* End XCRemoteSwiftPackageReference section */

/* Begin XCSwiftPackageProductDependency section */
		0CC838F02BDA83CC00112453 /* FirebaseAnalytics */ = {
			isa = XCSwiftPackageProductDependency;
			package = 0CC838EF2BDA83CC00112453 /* XCRemoteSwiftPackageReference "firebase-ios-sdk" */;
			productName = FirebaseAnalytics;
		};
		0CC838F22BDA83CC00112453 /* FirebaseAnalyticsOnDeviceConversion */ = {
			isa = XCSwiftPackageProductDependency;
			package = 0CC838EF2BDA83CC00112453 /* XCRemoteSwiftPackageReference "firebase-ios-sdk" */;
			productName = FirebaseAnalyticsOnDeviceConversion;
		};
		0CC838F42BDA83CC00112453 /* FirebaseAnalyticsSwift */ = {
			isa = XCSwiftPackageProductDependency;
			package = 0CC838EF2BDA83CC00112453 /* XCRemoteSwiftPackageReference "firebase-ios-sdk" */;
			productName = FirebaseAnalyticsSwift;
		};
		0CC838F62BDA83CC00112453 /* FirebaseAnalyticsWithoutAdIdSupport */ = {
			isa = XCSwiftPackageProductDependency;
			package = 0CC838EF2BDA83CC00112453 /* XCRemoteSwiftPackageReference "firebase-ios-sdk" */;
			productName = FirebaseAnalyticsWithoutAdIdSupport;
		};
		0CC838F82BDA83CC00112453 /* FirebaseAppCheck */ = {
			isa = XCSwiftPackageProductDependency;
			package = 0CC838EF2BDA83CC00112453 /* XCRemoteSwiftPackageReference "firebase-ios-sdk" */;
			productName = FirebaseAppCheck;
		};
		0CC838FA2BDA85AD00112453 /* FirebaseAuth */ = {
			isa = XCSwiftPackageProductDependency;
			package = 0CC838EF2BDA83CC00112453 /* XCRemoteSwiftPackageReference "firebase-ios-sdk" */;
			productName = FirebaseAuth;
		};
		0CC838FC2BDA85AD00112453 /* FirebaseFirestore */ = {
			isa = XCSwiftPackageProductDependency;
			package = 0CC838EF2BDA83CC00112453 /* XCRemoteSwiftPackageReference "firebase-ios-sdk" */;
			productName = FirebaseFirestore;
		};
		0CC838FE2BDA85AD00112453 /* FirebaseFirestoreSwift */ = {
			isa = XCSwiftPackageProductDependency;
			package = 0CC838EF2BDA83CC00112453 /* XCRemoteSwiftPackageReference "firebase-ios-sdk" */;
			productName = FirebaseFirestoreSwift;
		};
/* End XCSwiftPackageProductDependency section */
	};
	rootObject = 0CC838882BD7B1FE00112453 /* Project object */;
}
